{
  "name": "leyou-portal",
  "version": "1.0.0",
  "lockfileVersion": 1,
  "requires": true,
  "dependencies": {
    "qs": {
      "version": "6.9.6",
      "resolved": "https://registry.npm.taobao.org/qs/download/qs-6.9.6.tgz?cache=0&sync_timestamp=1610598229410&other_urls=https%3A%2F%2Fregistry.npm.taobao.org%2Fqs%2Fdownload%2Fqs-6.9.6.tgz",
      "integrity": "sha1-Ju08gkOkMbKSSsqEzJBHHzXVoO4="
    },
    "vue": {
      "version": "2.6.12",
      "resolved": "https://registry.npm.taobao.org/vue/download/vue-2.6.12.tgz",
      "integrity": "sha1-9evU+mvShpQD4pqJau1JBEVskSM="
    }
  }
}
